// !$*UTF8*$!
{
	archiveVersion = 1;
	classes = {
	};
	objectVersion = 50;
	objects = {

/* Begin PBXBuildFile section */
		493FCB5D247D0CFD008D548D /* main.cpp in Sources */ = {isa = PBXBuildFile; fileRef = 493FCB5C247D0CFD008D548D /* main.cpp */; };
		493FCB66247D0DE2008D548D /* libSDL2-2.0.0.dylib in Frameworks */ = {isa = PBXBuildFile; fileRef = 493FCB65247D0DE2008D548D /* libSDL2-2.0.0.dylib */; };
		493FCB68247D0DF7008D548D /* libSDL2_image-2.0.0.dylib in Frameworks */ = {isa = PBXBuildFile; fileRef = 493FCB67247D0DF7008D548D /* libSDL2_image-2.0.0.dylib */; };
		493FCB6B247D0E07008D548D /* Window.cpp in Sources */ = {isa = PBXBuildFile; fileRef = 493FCB69247D0E07008D548D /* Window.cpp */; };
		493FCB6F247D11DC008D548D /* Game.cpp in Sources */ = {isa = PBXBuildFile; fileRef = 493FCB6D247D11DC008D548D /* Game.cpp */; };
/* End PBXBuildFile section */

/* Begin PBXCopyFilesBuildPhase section */
		493FCB57247D0CFD008D548D /* CopyFiles */ = {
			isa = PBXCopyFilesBuildPhase;
			buildActionMask = 2147483647;
			dstPath = /usr/share/man/man1/;
			dstSubfolderSpec = 0;
			files = (
			);
			runOnlyForDeploymentPostprocessing = 1;
		};
/* End PBXCopyFilesBuildPhase section */

/* Begin PBXFileReference section */
		493FCB59247D0CFD008D548D /* Base */ = {isa = PBXFileReference; explicitFileType = "compiled.mach-o.executable"; includeInIndex = 0; path = Base; sourceTree = BUILT_PRODUCTS_DIR; };
		493FCB5C247D0CFD008D548D /* main.cpp */ = {isa = PBXFileReference; lastKnownFileType = sourcecode.cpp.cpp; path = main.cpp; sourceTree = "<group>"; };
		493FCB65247D0DE2008D548D /* libSDL2-2.0.0.dylib */ = {isa = PBXFileReference; lastKnownFileType = "compiled.mach-o.dylib"; name = "libSDL2-2.0.0.dylib"; path = "../../../../../../../../usr/local/Cellar/sdl2/2.0.12_1/lib/libSDL2-2.0.0.dylib"; sourceTree = "<group>"; };
		493FCB67247D0DF7008D548D /* libSDL2_image-2.0.0.dylib */ = {isa = PBXFileReference; lastKnownFileType = "compiled.mach-o.dylib"; name = "libSDL2_image-2.0.0.dylib"; path = "../../../../../../../../usr/local/Cellar/sdl2_image/2.0.5/lib/libSDL2_image-2.0.0.dylib"; sourceTree = "<group>"; };
		493FCB69247D0E07008D548D /* Window.cpp */ = {isa = PBXFileReference; lastKnownFileType = sourcecode.cpp.cpp; path = Window.cpp; sourceTree = "<group>"; };
		493FCB6A247D0E07008D548D /* Window.hpp */ = {isa = PBXFileReference; lastKnownFileType = sourcecode.cpp.h; path = Window.hpp; sourceTree = "<group>"; };
		493FCB6D247D11DC008D548D /* Game.cpp */ = {isa = PBXFileReference; lastKnownFileType = sourcecode.cpp.cpp; path = Game.cpp; sourceTree = "<group>"; };
		493FCB6E247D11DC008D548D /* Game.hpp */ = {isa = PBXFileReference; lastKnownFileType = sourcecode.cpp.h; path = Game.hpp; sourceTree = "<group>"; };
		493FCB70247D1363008D548D /* Base.hpp */ = {isa = PBXFileReference; lastKnownFileType = sourcecode.cpp.h; path = Base.hpp; sourceTree = "<group>"; };
/* End PBXFileReference section */

/* Begin PBXFrameworksBuildPhase section */
		493FCB56247D0CFD008D548D /* Frameworks */ = {
			isa = PBXFrameworksBuildPhase;
			buildActionMask = 2147483647;
			files = (
				493FCB68247D0DF7008D548D /* libSDL2_image-2.0.0.dylib in Frameworks */,
				493FCB66247D0DE2008D548D /* libSDL2-2.0.0.dylib in Frameworks */,
			);
			runOnlyForDeploymentPostprocessing = 0;
		};
/* End PBXFrameworksBuildPhase section */

/* Begin PBXGroup section */
		493FCB50247D0CFD008D548D = {
			isa = PBXGroup;
			children = (
				493FCB5B247D0CFD008D548D /* Base */,
				493FCB5A247D0CFD008D548D /* Products */,
				493FCB64247D0DE2008D548D /* Frameworks */,
			);
			sourceTree = "<group>";
		};
		493FCB5A247D0CFD008D548D /* Products */ = {
			isa = PBXGroup;
			children = (
				493FCB59247D0CFD008D548D /* Base */,
			);
			name = Products;
			sourceTree = "<group>";
		};
		493FCB5B247D0CFD008D548D /* Base */ = {
			isa = PBXGroup;
			children = (
				493FCB6C247D11CB008D548D /* Entry */,
				493FCB63247D0D07008D548D /* Display */,
				493FCB70247D1363008D548D /* Base.hpp */,
				493FCB5C247D0CFD008D548D /* main.cpp */,
			);
			path = Base;
			sourceTree = "<group>";
		};
		493FCB63247D0D07008D548D /* Display */ = {
			isa = PBXGroup;
			children = (
				493FCB69247D0E07008D548D /* Window.cpp */,
				493FCB6A247D0E07008D548D /* Window.hpp */,
			);
			path = Display;
			sourceTree = "<group>";
		};
		493FCB64247D0DE2008D548D /* Frameworks */ = {
			isa = PBXGroup;
			children = (
				493FCB67247D0DF7008D548D /* libSDL2_image-2.0.0.dylib */,
				493FCB65247D0DE2008D548D /* libSDL2-2.0.0.dylib */,
			);
			name = Frameworks;
			sourceTree = "<group>";
		};
		493FCB6C247D11CB008D548D /* Entry */ = {
			isa = PBXGroup;
			children = (
				493FCB6D247D11DC008D548D /* Game.cpp */,
				493FCB6E247D11DC008D548D /* Game.hpp */,
			);
			path = Entry;
			sourceTree = "<group>";
		};
/* End PBXGroup section */

/* Begin PBXNativeTarget section */
		493FCB58247D0CFD008D548D /* Base */ = {
			isa = PBXNativeTarget;
			buildConfigurationList = 493FCB60247D0CFD008D548D /* Build configuration list for PBXNativeTarget "Base" */;
			buildPhases = (
				493FCB55247D0CFD008D548D /* Sources */,
				493FCB56247D0CFD008D548D /* Frameworks */,
				493FCB57247D0CFD008D548D /* CopyFiles */,
			);
			buildRules = (
			);
			dependencies = (
			);
			name = Base;
			productName = Base;
			productReference = 493FCB59247D0CFD008D548D /* Base */;
			productType = "com.apple.product-type.tool";
		};
/* End PBXNativeTarget section */

/* Begin PBXProject section */
		493FCB51247D0CFD008D548D /* Project object */ = {
			isa = PBXProject;
			attributes = {
				LastUpgradeCheck = 1130;
				ORGANIZATIONNAME = Nav;
				TargetAttributes = {
					493FCB58247D0CFD008D548D = {
						CreatedOnToolsVersion = 11.3.1;
					};
				};
			};
			buildConfigurationList = 493FCB54247D0CFD008D548D /* Build configuration list for PBXProject "Base" */;
			compatibilityVersion = "Xcode 9.3";
			developmentRegion = en;
			hasScannedForEncodings = 0;
			knownRegions = (
				en,
				Base,
			);
			mainGroup = 493FCB50247D0CFD008D548D;
			productRefGroup = 493FCB5A247D0CFD008D548D /* Products */;
			projectDirPath = "";
			projectRoot = "";
			targets = (
				493FCB58247D0CFD008D548D /* Base */,
			);
		};
/* End PBXProject section */

/* Begin PBXSourcesBuildPhase section */
		493FCB55247D0CFD008D548D /* Sources */ = {
			isa = PBXSourcesBuildPhase;
			buildActionMask = 2147483647;
			files = (
				493FCB6F247D11DC008D548D /* Game.cpp in Sources */,
				493FCB5D247D0CFD008D548D /* main.cpp in Sources */,
				493FCB6B247D0E07008D548D /* Window.cpp in Sources */,
			);
			runOnlyForDeploymentPostprocessing = 0;
		};
/* End PBXSourcesBuildPhase section */

/* Begin XCBuildConfiguration section */
		493FCB5E247D0CFD008D548D /* Debug */ = {
			isa = XCBuildConfiguration;
			buildSettings = {
				ALWAYS_SEARCH_USER_PATHS = NO;
				CLANG_ANALYZER_NONNULL = YES;
				CLANG_ANALYZER_NUMBER_OBJECT_CONVERSION = YES_AGGRESSIVE;
				CLANG_CXX_LANGUAGE_STANDARD = "gnu++14";
				CLANG_CXX_LIBRARY = "libc++";
				CLANG_ENABLE_MODULES = YES;
				CLANG_ENABLE_OBJC_ARC = YES;
				CLANG_ENABLE_OBJC_WEAK = YES;
				CLANG_WARN_BLOCK_CAPTURE_AUTORELEASING = YES;
				CLANG_WARN_BOOL_CONVERSION = YES;
				CLANG_WARN_COMMA = YES;
				CLANG_WARN_CONSTANT_CONVERSION = YES;
				CLANG_WARN_DEPRECATED_OBJC_IMPLEMENTATIONS = YES;
				CLANG_WARN_DIRECT_OBJC_ISA_USAGE = YES_ERROR;
				CLANG_WARN_DOCUMENTATION_COMMENTS = YES;
				CLANG_WARN_EMPTY_BODY = YES;
				CLANG_WARN_ENUM_CONVERSION = YES;
				CLANG_WARN_INFINITE_RECURSION = YES;
				CLANG_WARN_INT_CONVERSION = YES;
				CLANG_WARN_NON_LITERAL_NULL_CONVERSION = YES;
				CLANG_WARN_OBJC_IMPLICIT_RETAIN_SELF = YES;
				CLANG_WARN_OBJC_LITERAL_CONVERSION = YES;
				CLANG_WARN_OBJC_ROOT_CLASS = YES_ERROR;
				CLANG_WARN_RANGE_LOOP_ANALYSIS = YES;
				CLANG_WARN_STRICT_PROTOTYPES = YES;
				CLANG_WARN_SUSPICIOUS_MOVE = YES;
				CLANG_WARN_UNGUARDED_AVAILABILITY = YES_AGGRESSIVE;
				CLANG_WARN_UNREACHABLE_CODE = YES;
				CLANG_WARN__DUPLICATE_METHOD_MATCH = YES;
				COPY_PHASE_STRIP = NO;
				DEBUG_INFORMATION_FORMAT = dwarf;
				ENABLE_STRICT_OBJC_MSGSEND = YES;
				ENABLE_TESTABILITY = YES;
				GCC_C_LANGUAGE_STANDARD = gnu11;
				GCC_DYNAMIC_NO_PIC = NO;
				GCC_NO_COMMON_BLOCKS = YES;
				GCC_OPTIMIZATION_LEVEL = 0;
				GCC_PREPROCESSOR_DEFINITIONS = (
					"DEBUG=1",
					"$(inherited)",
				);
				GCC_WARN_64_TO_32_BIT_CONVERSION = YES;
				GCC_WARN_ABOUT_RETURN_TYPE = YES_ERROR;
				GCC_WARN_UNDECLARED_SELECTOR = YES;
				GCC_WARN_UNINITIALIZED_AUTOS = YES_AGGRESSIVE;
				GCC_WARN_UNUSED_FUNCTION = YES;
				GCC_WARN_UNUSED_VARIABLE = YES;
				MACOSX_DEPLOYMENT_TARGET = 10.15;
				MTL_ENABLE_DEBUG_INFO = INCLUDE_SOURCE;
				MTL_FAST_MATH = YES;
				ONLY_ACTIVE_ARCH = YES;
				SDKROOT = macosx;
			};
			name = Debug;
		};
		493FCB5F247D0CFD008D548D /* Release */ = {
			isa = XCBuildConfiguration;
			buildSettings = {
				ALWAYS_SEARCH_USER_PATHS = NO;
				CLANG_ANALYZER_NONNULL = YES;
				CLANG_ANALYZER_NUMBER_OBJECT_CONVERSION = YES_AGGRESSIVE;
				CLANG_CXX_LANGUAGE_STANDARD = "gnu++14";
				CLANG_CXX_LIBRARY = "libc++";
				CLANG_ENABLE_MODULES = YES;
				CLANG_ENABLE_OBJC_ARC = YES;
				CLANG_ENABLE_OBJC_WEAK = YES;
				CLANG_WARN_BLOCK_CAPTURE_AUTORELEASING = YES;
				CLANG_WARN_BOOL_CONVERSION = YES;
				CLANG_WARN_COMMA = YES;
				CLANG_WARN_CONSTANT_CONVERSION = YES;
				CLANG_WARN_DEPRECATED_OBJC_IMPLEMENTATIONS = YES;
				CLANG_WARN_DIRECT_OBJC_ISA_USAGE = YES_ERROR;
				CLANG_WARN_DOCUMENTATION_COMMENTS = YES;
				CLANG_WARN_EMPTY_BODY = YES;
				CLANG_WARN_ENUM_CONVERSION = YES;
				CLANG_WARN_INFINITE_RECURSION = YES;
				CLANG_WARN_INT_CONVERSION = YES;
				CLANG_WARN_NON_LITERAL_NULL_CONVERSION = YES;
				CLANG_WARN_OBJC_IMPLICIT_RETAIN_SELF = YES;
				CLANG_WARN_OBJC_LITERAL_CONVERSION = YES;
				CLANG_WARN_OBJC_ROOT_CLASS = YES_ERROR;
				CLANG_WARN_RANGE_LOOP_ANALYSIS = YES;
				CLANG_WARN_STRICT_PROTOTYPES = YES;
				CLANG_WARN_SUSPICIOUS_MOVE = YES;
				CLANG_WARN_UNGUARDED_AVAILABILITY = YES_AGGRESSIVE;
				CLANG_WARN_UNREACHABLE_CODE = YES;
				CLANG_WARN__DUPLICATE_METHOD_MATCH = YES;
				COPY_PHASE_STRIP = NO;
				DEBUG_INFORMATION_FORMAT = "dwarf-with-dsym";
				ENABLE_NS_ASSERTIONS = NO;
				ENABLE_STRICT_OBJC_MSGSEND = YES;
				GCC_C_LANGUAGE_STANDARD = gnu11;
				GCC_NO_COMMON_BLOCKS = YES;
				GCC_WARN_64_TO_32_BIT_CONVERSION = YES;
				GCC_WARN_ABOUT_RETURN_TYPE = YES_ERROR;
				GCC_WARN_UNDECLARED_SELECTOR = YES;
				GCC_WARN_UNINITIALIZED_AUTOS = YES_AGGRESSIVE;
				GCC_WARN_UNUSED_FUNCTION = YES;
				GCC_WARN_UNUSED_VARIABLE = YES;
				MACOSX_DEPLOYMENT_TARGET = 10.15;
				MTL_ENABLE_DEBUG_INFO = NO;
				MTL_FAST_MATH = YES;
				SDKROOT = macosx;
			};
			name = Release;
		};
		493FCB61247D0CFD008D548D /* Debug */ = {
			isa = XCBuildConfiguration;
			buildSettings = {
				CODE_SIGN_STYLE = Automatic;
				HEADER_SEARCH_PATHS = /usr/local/include/;
				LIBRARY_SEARCH_PATHS = (
					"$(inherited)",
					/usr/local/Cellar/sdl2/2.0.12_1/lib,
					/usr/local/Cellar/sdl2_image/2.0.5/lib,
				);
				PRODUCT_NAME = "$(TARGET_NAME)";
			};
			name = Debug;
		};
		493FCB62247D0CFD008D548D /* Release */ = {
			isa = XCBuildConfiguration;
			buildSettings = {
				CODE_SIGN_STYLE = Automatic;
				HEADER_SEARCH_PATHS = /usr/local/include/;
				LIBRARY_SEARCH_PATHS = (
					"$(inherited)",
					/usr/local/Cellar/sdl2/2.0.12_1/lib,
					/usr/local/Cellar/sdl2_image/2.0.5/lib,
				);
				PRODUCT_NAME = "$(TARGET_NAME)";
			};
			name = Release;
		};
/* End XCBuildConfiguration section */

/* Begin XCConfigurationList section */
		493FCB54247D0CFD008D548D /* Build configuration list for PBXProject "Base" */ = {
			isa = XCConfigurationList;
			buildConfigurations = (
				493FCB5E247D0CFD008D548D /* Debug */,
				493FCB5F247D0CFD008D548D /* Release */,
			);
			defaultConfigurationIsVisible = 0;
			defaultConfigurationName = Release;
		};
		493FCB60247D0CFD008D548D /* Build configuration list for PBXNativeTarget "Base" */ = {
			isa = XCConfigurationList;
			buildConfigurations = (
				493FCB61247D0CFD008D548D /* Debug */,
				493FCB62247D0CFD008D548D /* Release */,
			);
			defaultConfigurationIsVisible = 0;
			defaultConfigurationName = Release;
		};
/* End XCConfigurationList section */
	};
	rootObject = 493FCB51247D0CFD008D548D /* Project object */;
}
